
Microsoft Visual Studio Solution File, Format Version 12.00
# Visual Studio Version 17
VisualStudioVersion = 17.10.35122.118
MinimumVisualStudioVersion = 10.0.40219.1
Project("{FAE04EC0-301F-11D3-BF4B-00C04F79EFBC}") = "Assignment CSharp adv 4 Event", "Assignment CSharp adv 4 Event\Assignment CSharp adv 4 Event.csproj", "{45C9FFD6-7E4B-4C79-9762-57C3A7B6EF06}"
EndProject
Global
	GlobalSection(SolutionConfigurationPlatforms) = preSolution
		Debug|Any CPU = Debug|Any CPU
		Release|Any CPU = Release|Any CPU
	EndGlobalSection
	GlobalSection(ProjectConfigurationPlatforms) = postSolution
		{45C9FFD6-7E4B-4C79-9762-57C3A7B6EF06}.Debug|Any CPU.ActiveCfg = Debug|Any CPU
		{45C9FFD6-7E4B-4C79-9762-57C3A7B6EF06}.Debug|Any CPU.Build.0 = Debug|Any CPU
		{45C9FFD6-7E4B-4C79-9762-57C3A7B6EF06}.Release|Any CPU.ActiveCfg = Release|Any CPU
		{45C9FFD6-7E4B-4C79-9762-57C3A7B6EF06}.Release|Any CPU.Build.0 = Release|Any CPU
	EndGlobalSection
	GlobalSection(SolutionProperties) = preSolution
		HideSolutionNode = FALSE
	EndGlobalSection
	GlobalSection(ExtensibilityGlobals) = postSolution
		SolutionGuid = {6402E8FB-04B3-4B02-8C8F-65484CC53824}
	EndGlobalSection
EndGlobal
